
Microsoft Visual Studio Solution File, Format Version 12.00
# Visual Studio Version 17
VisualStudioVersion = 17.9.34728.123
MinimumVisualStudioVersion = 10.0.40219.1
Project("{FAE04EC0-301F-11D3-BF4B-00C04F79EFBC}") = "Fitness_Center_Application", "Fitness_Center_Application.csproj", "{A482D484-696C-4A30-BA80-776CC1094ADC}"
EndProject
Global
	GlobalSection(SolutionConfigurationPlatforms) = preSolution
		Debug|Any CPU = Debug|Any CPU
		Release|Any CPU = Release|Any CPU
	EndGlobalSection
	GlobalSection(ProjectConfigurationPlatforms) = postSolution
		{A482D484-696C-4A30-BA80-776CC1094ADC}.Debug|Any CPU.ActiveCfg = Debug|Any CPU
		{A482D484-696C-4A30-BA80-776CC1094ADC}.Debug|Any CPU.Build.0 = Debug|Any CPU
		{A482D484-696C-4A30-BA80-776CC1094ADC}.Release|Any CPU.ActiveCfg = Release|Any CPU
		{A482D484-696C-4A30-BA80-776CC1094ADC}.Release|Any CPU.Build.0 = Release|Any CPU
	EndGlobalSection
	GlobalSection(SolutionProperties) = preSolution
		HideSolutionNode = FALSE
	EndGlobalSection
	GlobalSection(ExtensibilityGlobals) = postSolution
		SolutionGuid = {E98E9921-C6D5-4C4F-82D4-6E072C87F2DB}
	EndGlobalSection
EndGlobal
