
Microsoft Visual Studio Solution File, Format Version 12.00
# Visual Studio Version 17
VisualStudioVersion = 17.9.34728.123
MinimumVisualStudioVersion = 10.0.40219.1
Project("{FAE04EC0-301F-11D3-BF4B-00C04F79EFBC}") = "Statement Challenge", "Statement Challenge.csproj", "{BB65DA0E-5E77-4B5F-8A4E-D8432EE53CEE}"
EndProject
Global
	GlobalSection(SolutionConfigurationPlatforms) = preSolution
		Debug|Any CPU = Debug|Any CPU
		Release|Any CPU = Release|Any CPU
	EndGlobalSection
	GlobalSection(ProjectConfigurationPlatforms) = postSolution
		{BB65DA0E-5E77-4B5F-8A4E-D8432EE53CEE}.Debug|Any CPU.ActiveCfg = Debug|Any CPU
		{BB65DA0E-5E77-4B5F-8A4E-D8432EE53CEE}.Debug|Any CPU.Build.0 = Debug|Any CPU
		{BB65DA0E-5E77-4B5F-8A4E-D8432EE53CEE}.Release|Any CPU.ActiveCfg = Release|Any CPU
		{BB65DA0E-5E77-4B5F-8A4E-D8432EE53CEE}.Release|Any CPU.Build.0 = Release|Any CPU
	EndGlobalSection
	GlobalSection(SolutionProperties) = preSolution
		HideSolutionNode = FALSE
	EndGlobalSection
	GlobalSection(ExtensibilityGlobals) = postSolution
		SolutionGuid = {59D06E2A-85C1-4536-9057-A4D3C61DBCB3}
	EndGlobalSection
EndGlobal
