
Microsoft Visual Studio Solution File, Format Version 12.00
# Visual Studio Version 17
VisualStudioVersion = 17.9.34728.123
MinimumVisualStudioVersion = 10.0.40219.1
Project("{FAE04EC0-301F-11D3-BF4B-00C04F79EFBC}") = "Race Simulation", "Race Simulation.csproj", "{DF1E95A4-D61A-4A80-99FB-1701F25B59A7}"
EndProject
Global
	GlobalSection(SolutionConfigurationPlatforms) = preSolution
		Debug|Any CPU = Debug|Any CPU
		Release|Any CPU = Release|Any CPU
	EndGlobalSection
	GlobalSection(ProjectConfigurationPlatforms) = postSolution
		{DF1E95A4-D61A-4A80-99FB-1701F25B59A7}.Debug|Any CPU.ActiveCfg = Debug|Any CPU
		{DF1E95A4-D61A-4A80-99FB-1701F25B59A7}.Debug|Any CPU.Build.0 = Debug|Any CPU
		{DF1E95A4-D61A-4A80-99FB-1701F25B59A7}.Release|Any CPU.ActiveCfg = Release|Any CPU
		{DF1E95A4-D61A-4A80-99FB-1701F25B59A7}.Release|Any CPU.Build.0 = Release|Any CPU
	EndGlobalSection
	GlobalSection(SolutionProperties) = preSolution
		HideSolutionNode = FALSE
	EndGlobalSection
	GlobalSection(ExtensibilityGlobals) = postSolution
		SolutionGuid = {6C33083D-0ECC-47B5-99FE-C4E990F70FD1}
	EndGlobalSection
EndGlobal
