
Microsoft Visual Studio Solution File, Format Version 12.00
# Visual Studio Version 17
VisualStudioVersion = 17.9.34728.123
MinimumVisualStudioVersion = 10.0.40219.1
Project("{FAE04EC0-301F-11D3-BF4B-00C04F79EFBC}") = "MatchGame", "MatchGame.csproj", "{4E5F5C1A-88E9-4595-B120-0DDD06FCC036}"
EndProject
Global
	GlobalSection(SolutionConfigurationPlatforms) = preSolution
		Debug|Any CPU = Debug|Any CPU
		Release|Any CPU = Release|Any CPU
	EndGlobalSection
	GlobalSection(ProjectConfigurationPlatforms) = postSolution
		{4E5F5C1A-88E9-4595-B120-0DDD06FCC036}.Debug|Any CPU.ActiveCfg = Debug|Any CPU
		{4E5F5C1A-88E9-4595-B120-0DDD06FCC036}.Debug|Any CPU.Build.0 = Debug|Any CPU
		{4E5F5C1A-88E9-4595-B120-0DDD06FCC036}.Release|Any CPU.ActiveCfg = Release|Any CPU
		{4E5F5C1A-88E9-4595-B120-0DDD06FCC036}.Release|Any CPU.Build.0 = Release|Any CPU
	EndGlobalSection
	GlobalSection(SolutionProperties) = preSolution
		HideSolutionNode = FALSE
	EndGlobalSection
	GlobalSection(ExtensibilityGlobals) = postSolution
		SolutionGuid = {6091F584-116F-4CA6-8FAA-B976078FD0EF}
	EndGlobalSection
EndGlobal
